
Microsoft Visual Studio Solution File, Format Version 12.00
# Visual Studio 15
VisualStudioVersion = 15.0.28010.2046
MinimumVisualStudioVersion = 10.0.40219.1
Project("{9A19103F-16F7-4668-BE54-9A1E7A4F7556}") = "MoviesRepository", "MoviesRepository\MoviesRepository.csproj", "{05F9807C-DDB2-4866-9AFA-0ACCB6679553}"
EndProject
Project("{9A19103F-16F7-4668-BE54-9A1E7A4F7556}") = "MovieRepository.Data", "MovieRepository.Data\MovieRepository.Data.csproj", "{B1559870-6290-426A-92AA-9C05A2B7C513}"
EndProject
Project("{9A19103F-16F7-4668-BE54-9A1E7A4F7556}") = "MoviesRepository.Tests", "MoviesRepository.Tests\MoviesRepository.Tests.csproj", "{BB9B5FCA-DC42-451C-B575-22AF50CADFDF}"
EndProject
Global
	GlobalSection(SolutionConfigurationPlatforms) = preSolution
		Debug|Any CPU = Debug|Any CPU
		Release|Any CPU = Release|Any CPU
	EndGlobalSection
	GlobalSection(ProjectConfigurationPlatforms) = postSolution
		{05F9807C-DDB2-4866-9AFA-0ACCB6679553}.Debug|Any CPU.ActiveCfg = Debug|Any CPU
		{05F9807C-DDB2-4866-9AFA-0ACCB6679553}.Debug|Any CPU.Build.0 = Debug|Any CPU
		{05F9807C-DDB2-4866-9AFA-0ACCB6679553}.Release|Any CPU.ActiveCfg = Release|Any CPU
		{05F9807C-DDB2-4866-9AFA-0ACCB6679553}.Release|Any CPU.Build.0 = Release|Any CPU
		{B1559870-6290-426A-92AA-9C05A2B7C513}.Debug|Any CPU.ActiveCfg = Debug|Any CPU
		{B1559870-6290-426A-92AA-9C05A2B7C513}.Debug|Any CPU.Build.0 = Debug|Any CPU
		{B1559870-6290-426A-92AA-9C05A2B7C513}.Release|Any CPU.ActiveCfg = Release|Any CPU
		{B1559870-6290-426A-92AA-9C05A2B7C513}.Release|Any CPU.Build.0 = Release|Any CPU
		{BB9B5FCA-DC42-451C-B575-22AF50CADFDF}.Debug|Any CPU.ActiveCfg = Debug|Any CPU
		{BB9B5FCA-DC42-451C-B575-22AF50CADFDF}.Debug|Any CPU.Build.0 = Debug|Any CPU
		{BB9B5FCA-DC42-451C-B575-22AF50CADFDF}.Release|Any CPU.ActiveCfg = Release|Any CPU
		{BB9B5FCA-DC42-451C-B575-22AF50CADFDF}.Release|Any CPU.Build.0 = Release|Any CPU
	EndGlobalSection
	GlobalSection(SolutionProperties) = preSolution
		HideSolutionNode = FALSE
	EndGlobalSection
	GlobalSection(ExtensibilityGlobals) = postSolution
		SolutionGuid = {B14C9B40-9B59-4613-BB86-F1C9FFE33861}
	EndGlobalSection
EndGlobal
